<Solution>
  <Project Path="WiserHeatCrestronDriver.AndroidControlTests/WiserHeatCrestronDriver.AndroidControlTests.csproj" />
  <Project Path="WiserHeatCrestronDriver.AndroidTests/WiserHeatCrestronDriver.AndroidTests.csproj" />
  <Project Path="WiserHeatCrestronDriver.ConfigurationProbe/WiserHeatCrestronDriver.ConfigurationProbe.csproj" />
  <Project Path="WiserHeatCrestronDriver.ControlProbe/WiserHeatCrestronDriver.ControlProbe.csproj" />
  <Project Path="WiserHeatCrestronDriver.ControlProbe.Tests/WiserHeatCrestronDriver.ControlProbe.Tests.csproj" />
  <Project Path="WiserHeatCrestronDriver.EnduranceProbe/WiserHeatCrestronDriver.EnduranceProbe.csproj" />
  <Project Path="WiserHeatCrestronDriver.EnduranceProbe.Tests/WiserHeatCrestronDriver.EnduranceProbe.Tests.csproj" />
  <Project Path="WiserHeatCrestronDriver.WorkflowTests/WiserHeatCrestronDriver.WorkflowTests.csproj" />
  <Project Path="WiserHeatCrestronDriver/WiserHeatCrestronDriver.csproj" />
  <Project Path="WiserHeatCrestronDriver.Tests/WiserHeatCrestronDriver.Tests.csproj" />
  <Project Path="WiserHeatCrestronDriver.ProcessorTests/WiserHeatCrestronDriver.ProcessorTests.csproj" />
  <Project Path="WiserHeatCrestronDriver.Lifecycle.Tests/WiserHeatCrestronDriver.Lifecycle.Tests.csproj" />
</Solution>
